
Microsoft Visual Studio Solution File, Format Version 12.00
# Visual Studio Version 17
VisualStudioVersion = 17.0.32014.148
MinimumVisualStudioVersion = 10.0.40219.1
Project("{9A19103F-16F7-4668-BE54-9A1E7A4F7556}") = "dxStudyDataType", "dxStudyDataType\dxStudyDataType.csproj", "{D1ECEB35-BCB4-4275-8F90-D1E04FC4B7D9}"
EndProject
Project("{9A19103F-16F7-4668-BE54-9A1E7A4F7556}") = "dxStudyOpenJson", "dxStudyOpenJson\dxStudyOpenJson.csproj", "{E1008EC8-8E5E-41DD-B779-6AAD4DBA5F31}"
EndProject
Project("{9A19103F-16F7-4668-BE54-9A1E7A4F7556}") = "dxStudyBubbleSort", "dxStudyBubbleSort\dxStudyBubbleSort.csproj", "{9B379C16-CB7C-4A9B-8ED0-E03C1047E69C}"
EndProject
Project("{9A19103F-16F7-4668-BE54-9A1E7A4F7556}") = "dxStudyQuickSort", "dxStudyQuickSort\dxStudyQuickSort.csproj", "{9D986AC2-21C9-4215-850B-8493EA7DE447}"
EndProject
Project("{9A19103F-16F7-4668-BE54-9A1E7A4F7556}") = "dxStudySelectSort", "dxStudySelectSort\dxStudySelectSort.csproj", "{4B3DE031-FC02-402F-AE89-C7B87CAF1C27}"
EndProject
Project("{9A19103F-16F7-4668-BE54-9A1E7A4F7556}") = "dxStudyConvertStringToDateTime", "dxStudyConvertStringToDateTime\dxStudyConvertStringToDateTime.csproj", "{E1A174FE-500B-482B-8EF1-57EE7122114B}"
EndProject
Project("{9A19103F-16F7-4668-BE54-9A1E7A4F7556}") = "dxStudyOpenXml", "dxStudyOpenXml\dxStudyOpenXml.csproj", "{4AB97DDF-4B98-490A-A5D3-28B7AF04AF56}"
EndProject
Project("{9A19103F-16F7-4668-BE54-9A1E7A4F7556}") = "dxStudyZipFile", "dxStudyZipFile\dxStudyZipFile.csproj", "{CE6992A3-76E5-4A35-A34A-C9634B7AC01F}"
EndProject
Project("{9A19103F-16F7-4668-BE54-9A1E7A4F7556}") = "dxStudyCertification", "dxStudyCertification\dxStudyCertification.csproj", "{6010EFB5-A470-4465-9EA1-A195DBFEC40C}"
EndProject
Project("{9A19103F-16F7-4668-BE54-9A1E7A4F7556}") = "dxStudyIOC", "dxStudyIOC\dxStudyIOC.csproj", "{EED29033-5D1F-45C6-AD1E-6AE787B74100}"
EndProject
Project("{9A19103F-16F7-4668-BE54-9A1E7A4F7556}") = "dxStudyIOCByAssembly", "dxStudyIOCByAssembly\dxStudyIOCByAssembly.csproj", "{981481E3-0DB7-4781-A9ED-FD62A90BF1A1}"
EndProject
Project("{9A19103F-16F7-4668-BE54-9A1E7A4F7556}") = "dxStudyIOCByAssembly.Contract", "dxStudyIOCByAssembly.Contract\dxStudyIOCByAssembly.Contract.csproj", "{BF10131B-5F7A-413F-9FE5-B683224591C9}"
EndProject
Project("{9A19103F-16F7-4668-BE54-9A1E7A4F7556}") = "dxStudyEncoding", "dxStudyEncoding\dxStudyEncoding.csproj", "{9A8E37D1-A8E6-4273-86C8-5951FF55F6A6}"
EndProject
Project("{FAE04EC0-301F-11D3-BF4B-00C04F79EFBC}") = "dxStudyRoute", "dxStudyRoute\dxStudyRoute.csproj", "{D1E6A662-6144-4CE3-9BAD-9A0A3F9B969D}"
EndProject
Project("{9A19103F-16F7-4668-BE54-9A1E7A4F7556}") = "dxStudyDownloadFileByURL", "dxStudyDownloadFileByURL\dxStudyDownloadFileByURL.csproj", "{E8CB7916-3F6F-4BAD-A28E-C19BBC409960}"
EndProject
Project("{9A19103F-16F7-4668-BE54-9A1E7A4F7556}") = "dxStudyDateFormate", "dxStudyDateFormate\dxStudyDateFormate.csproj", "{8B4A5F82-5CBC-4DFE-AAA0-250F084476F7}"
EndProject
Project("{FAE04EC0-301F-11D3-BF4B-00C04F79EFBC}") = "HelloService", "HelloService\HelloService.csproj", "{AF2A88E3-0DE7-4A09-82E8-0AEAC908A092}"
EndProject
Project("{FAE04EC0-301F-11D3-BF4B-00C04F79EFBC}") = "HelloServiceHost", "HelloServiceHost\HelloServiceHost.csproj", "{F47C406F-3ADD-4E6F-8B3F-C994C5EDCA60}"
EndProject
Project("{FAE04EC0-301F-11D3-BF4B-00C04F79EFBC}") = "HelloClient", "HelloClient\HelloClient.csproj", "{3A308061-0ABB-4BCE-8C43-30204ADBB25D}"
EndProject
Project("{9A19103F-16F7-4668-BE54-9A1E7A4F7556}") = "dxStudyElasticSearch", "dxStudyElasticSearch\dxStudyElasticSearch.csproj", "{99A2CEF1-7797-4994-A17D-56A71F736495}"
EndProject
Project("{FAE04EC0-301F-11D3-BF4B-00C04F79EFBC}") = "dxStudyRedisByAPI", "dxStudyRedisByAPI\dxStudyRedisByAPI.csproj", "{AEDB2D78-E027-43C4-8000-5AF064890784}"
EndProject
Global
	GlobalSection(SolutionConfigurationPlatforms) = preSolution
		Debug|Any CPU = Debug|Any CPU
		Release|Any CPU = Release|Any CPU
	EndGlobalSection
	GlobalSection(ProjectConfigurationPlatforms) = postSolution
		{D1ECEB35-BCB4-4275-8F90-D1E04FC4B7D9}.Debug|Any CPU.ActiveCfg = Debug|Any CPU
		{D1ECEB35-BCB4-4275-8F90-D1E04FC4B7D9}.Debug|Any CPU.Build.0 = Debug|Any CPU
		{D1ECEB35-BCB4-4275-8F90-D1E04FC4B7D9}.Release|Any CPU.ActiveCfg = Release|Any CPU
		{D1ECEB35-BCB4-4275-8F90-D1E04FC4B7D9}.Release|Any CPU.Build.0 = Release|Any CPU
		{E1008EC8-8E5E-41DD-B779-6AAD4DBA5F31}.Debug|Any CPU.ActiveCfg = Debug|Any CPU
		{E1008EC8-8E5E-41DD-B779-6AAD4DBA5F31}.Debug|Any CPU.Build.0 = Debug|Any CPU
		{E1008EC8-8E5E-41DD-B779-6AAD4DBA5F31}.Release|Any CPU.ActiveCfg = Release|Any CPU
		{E1008EC8-8E5E-41DD-B779-6AAD4DBA5F31}.Release|Any CPU.Build.0 = Release|Any CPU
		{9B379C16-CB7C-4A9B-8ED0-E03C1047E69C}.Debug|Any CPU.ActiveCfg = Debug|Any CPU
		{9B379C16-CB7C-4A9B-8ED0-E03C1047E69C}.Debug|Any CPU.Build.0 = Debug|Any CPU
		{9B379C16-CB7C-4A9B-8ED0-E03C1047E69C}.Release|Any CPU.ActiveCfg = Release|Any CPU
		{9B379C16-CB7C-4A9B-8ED0-E03C1047E69C}.Release|Any CPU.Build.0 = Release|Any CPU
		{9D986AC2-21C9-4215-850B-8493EA7DE447}.Debug|Any CPU.ActiveCfg = Debug|Any CPU
		{9D986AC2-21C9-4215-850B-8493EA7DE447}.Debug|Any CPU.Build.0 = Debug|Any CPU
		{9D986AC2-21C9-4215-850B-8493EA7DE447}.Release|Any CPU.ActiveCfg = Release|Any CPU
		{9D986AC2-21C9-4215-850B-8493EA7DE447}.Release|Any CPU.Build.0 = Release|Any CPU
		{4B3DE031-FC02-402F-AE89-C7B87CAF1C27}.Debug|Any CPU.ActiveCfg = Debug|Any CPU
		{4B3DE031-FC02-402F-AE89-C7B87CAF1C27}.Debug|Any CPU.Build.0 = Debug|Any CPU
		{4B3DE031-FC02-402F-AE89-C7B87CAF1C27}.Release|Any CPU.ActiveCfg = Release|Any CPU
		{4B3DE031-FC02-402F-AE89-C7B87CAF1C27}.Release|Any CPU.Build.0 = Release|Any CPU
		{E1A174FE-500B-482B-8EF1-57EE7122114B}.Debug|Any CPU.ActiveCfg = Debug|Any CPU
		{E1A174FE-500B-482B-8EF1-57EE7122114B}.Debug|Any CPU.Build.0 = Debug|Any CPU
		{E1A174FE-500B-482B-8EF1-57EE7122114B}.Release|Any CPU.ActiveCfg = Release|Any CPU
		{E1A174FE-500B-482B-8EF1-57EE7122114B}.Release|Any CPU.Build.0 = Release|Any CPU
		{4AB97DDF-4B98-490A-A5D3-28B7AF04AF56}.Debug|Any CPU.ActiveCfg = Debug|Any CPU
		{4AB97DDF-4B98-490A-A5D3-28B7AF04AF56}.Debug|Any CPU.Build.0 = Debug|Any CPU
		{4AB97DDF-4B98-490A-A5D3-28B7AF04AF56}.Release|Any CPU.ActiveCfg = Release|Any CPU
		{4AB97DDF-4B98-490A-A5D3-28B7AF04AF56}.Release|Any CPU.Build.0 = Release|Any CPU
		{CE6992A3-76E5-4A35-A34A-C9634B7AC01F}.Debug|Any CPU.ActiveCfg = Debug|Any CPU
		{CE6992A3-76E5-4A35-A34A-C9634B7AC01F}.Debug|Any CPU.Build.0 = Debug|Any CPU
		{CE6992A3-76E5-4A35-A34A-C9634B7AC01F}.Release|Any CPU.ActiveCfg = Release|Any CPU
		{CE6992A3-76E5-4A35-A34A-C9634B7AC01F}.Release|Any CPU.Build.0 = Release|Any CPU
		{6010EFB5-A470-4465-9EA1-A195DBFEC40C}.Debug|Any CPU.ActiveCfg = Debug|Any CPU
		{6010EFB5-A470-4465-9EA1-A195DBFEC40C}.Debug|Any CPU.Build.0 = Debug|Any CPU
		{6010EFB5-A470-4465-9EA1-A195DBFEC40C}.Release|Any CPU.ActiveCfg = Release|Any CPU
		{6010EFB5-A470-4465-9EA1-A195DBFEC40C}.Release|Any CPU.Build.0 = Release|Any CPU
		{EED29033-5D1F-45C6-AD1E-6AE787B74100}.Debug|Any CPU.ActiveCfg = Debug|Any CPU
		{EED29033-5D1F-45C6-AD1E-6AE787B74100}.Debug|Any CPU.Build.0 = Debug|Any CPU
		{EED29033-5D1F-45C6-AD1E-6AE787B74100}.Release|Any CPU.ActiveCfg = Release|Any CPU
		{EED29033-5D1F-45C6-AD1E-6AE787B74100}.Release|Any CPU.Build.0 = Release|Any CPU
		{981481E3-0DB7-4781-A9ED-FD62A90BF1A1}.Debug|Any CPU.ActiveCfg = Debug|Any CPU
		{981481E3-0DB7-4781-A9ED-FD62A90BF1A1}.Debug|Any CPU.Build.0 = Debug|Any CPU
		{981481E3-0DB7-4781-A9ED-FD62A90BF1A1}.Release|Any CPU.ActiveCfg = Release|Any CPU
		{981481E3-0DB7-4781-A9ED-FD62A90BF1A1}.Release|Any CPU.Build.0 = Release|Any CPU
		{BF10131B-5F7A-413F-9FE5-B683224591C9}.Debug|Any CPU.ActiveCfg = Debug|Any CPU
		{BF10131B-5F7A-413F-9FE5-B683224591C9}.Debug|Any CPU.Build.0 = Debug|Any CPU
		{BF10131B-5F7A-413F-9FE5-B683224591C9}.Release|Any CPU.ActiveCfg = Release|Any CPU
		{BF10131B-5F7A-413F-9FE5-B683224591C9}.Release|Any CPU.Build.0 = Release|Any CPU
		{9A8E37D1-A8E6-4273-86C8-5951FF55F6A6}.Debug|Any CPU.ActiveCfg = Debug|Any CPU
		{9A8E37D1-A8E6-4273-86C8-5951FF55F6A6}.Debug|Any CPU.Build.0 = Debug|Any CPU
		{9A8E37D1-A8E6-4273-86C8-5951FF55F6A6}.Release|Any CPU.ActiveCfg = Release|Any CPU
		{9A8E37D1-A8E6-4273-86C8-5951FF55F6A6}.Release|Any CPU.Build.0 = Release|Any CPU
		{D1E6A662-6144-4CE3-9BAD-9A0A3F9B969D}.Debug|Any CPU.ActiveCfg = Debug|Any CPU
		{D1E6A662-6144-4CE3-9BAD-9A0A3F9B969D}.Debug|Any CPU.Build.0 = Debug|Any CPU
		{D1E6A662-6144-4CE3-9BAD-9A0A3F9B969D}.Release|Any CPU.ActiveCfg = Release|Any CPU
		{D1E6A662-6144-4CE3-9BAD-9A0A3F9B969D}.Release|Any CPU.Build.0 = Release|Any CPU
		{E8CB7916-3F6F-4BAD-A28E-C19BBC409960}.Debug|Any CPU.ActiveCfg = Debug|Any CPU
		{E8CB7916-3F6F-4BAD-A28E-C19BBC409960}.Debug|Any CPU.Build.0 = Debug|Any CPU
		{E8CB7916-3F6F-4BAD-A28E-C19BBC409960}.Release|Any CPU.ActiveCfg = Release|Any CPU
		{E8CB7916-3F6F-4BAD-A28E-C19BBC409960}.Release|Any CPU.Build.0 = Release|Any CPU
		{8B4A5F82-5CBC-4DFE-AAA0-250F084476F7}.Debug|Any CPU.ActiveCfg = Debug|Any CPU
		{8B4A5F82-5CBC-4DFE-AAA0-250F084476F7}.Debug|Any CPU.Build.0 = Debug|Any CPU
		{8B4A5F82-5CBC-4DFE-AAA0-250F084476F7}.Release|Any CPU.ActiveCfg = Release|Any CPU
		{8B4A5F82-5CBC-4DFE-AAA0-250F084476F7}.Release|Any CPU.Build.0 = Release|Any CPU
		{AF2A88E3-0DE7-4A09-82E8-0AEAC908A092}.Debug|Any CPU.ActiveCfg = Debug|Any CPU
		{AF2A88E3-0DE7-4A09-82E8-0AEAC908A092}.Debug|Any CPU.Build.0 = Debug|Any CPU
		{AF2A88E3-0DE7-4A09-82E8-0AEAC908A092}.Release|Any CPU.ActiveCfg = Release|Any CPU
		{AF2A88E3-0DE7-4A09-82E8-0AEAC908A092}.Release|Any CPU.Build.0 = Release|Any CPU
		{F47C406F-3ADD-4E6F-8B3F-C994C5EDCA60}.Debug|Any CPU.ActiveCfg = Debug|Any CPU
		{F47C406F-3ADD-4E6F-8B3F-C994C5EDCA60}.Debug|Any CPU.Build.0 = Debug|Any CPU
		{F47C406F-3ADD-4E6F-8B3F-C994C5EDCA60}.Release|Any CPU.ActiveCfg = Release|Any CPU
		{F47C406F-3ADD-4E6F-8B3F-C994C5EDCA60}.Release|Any CPU.Build.0 = Release|Any CPU
		{3A308061-0ABB-4BCE-8C43-30204ADBB25D}.Debug|Any CPU.ActiveCfg = Debug|Any CPU
		{3A308061-0ABB-4BCE-8C43-30204ADBB25D}.Debug|Any CPU.Build.0 = Debug|Any CPU
		{3A308061-0ABB-4BCE-8C43-30204ADBB25D}.Release|Any CPU.ActiveCfg = Release|Any CPU
		{3A308061-0ABB-4BCE-8C43-30204ADBB25D}.Release|Any CPU.Build.0 = Release|Any CPU
		{99A2CEF1-7797-4994-A17D-56A71F736495}.Debug|Any CPU.ActiveCfg = Debug|Any CPU
		{99A2CEF1-7797-4994-A17D-56A71F736495}.Debug|Any CPU.Build.0 = Debug|Any CPU
		{99A2CEF1-7797-4994-A17D-56A71F736495}.Release|Any CPU.ActiveCfg = Release|Any CPU
		{99A2CEF1-7797-4994-A17D-56A71F736495}.Release|Any CPU.Build.0 = Release|Any CPU
		{AEDB2D78-E027-43C4-8000-5AF064890784}.Debug|Any CPU.ActiveCfg = Debug|Any CPU
		{AEDB2D78-E027-43C4-8000-5AF064890784}.Debug|Any CPU.Build.0 = Debug|Any CPU
		{AEDB2D78-E027-43C4-8000-5AF064890784}.Release|Any CPU.ActiveCfg = Release|Any CPU
		{AEDB2D78-E027-43C4-8000-5AF064890784}.Release|Any CPU.Build.0 = Release|Any CPU
	EndGlobalSection
	GlobalSection(SolutionProperties) = preSolution
		HideSolutionNode = FALSE
	EndGlobalSection
	GlobalSection(ExtensibilityGlobals) = postSolution
		SolutionGuid = {2A03976B-664E-4B05-8A42-D3F33C25F0D5}
	EndGlobalSection
EndGlobal
